
Microsoft Visual Studio Solution File, Format Version 12.00
# Visual Studio Version 17
VisualStudioVersion = 17.10.35122.118
MinimumVisualStudioVersion = 10.0.40219.1
Project("{FAE04EC0-301F-11D3-BF4B-00C04F79EFBC}") = "Flappy Bird Windows Form", "Flappy Bird Windows Form\Flappy Bird Windows Form.csproj", "{68B7C54C-4D3D-45D2-A26C-6DFF5B4178DC}"
EndProject
Global
	GlobalSection(SolutionConfigurationPlatforms) = preSolution
		Debug|Any CPU = Debug|Any CPU
		Release|Any CPU = Release|Any CPU
	EndGlobalSection
	GlobalSection(ProjectConfigurationPlatforms) = postSolution
		{68B7C54C-4D3D-45D2-A26C-6DFF5B4178DC}.Debug|Any CPU.ActiveCfg = Debug|Any CPU
		{68B7C54C-4D3D-45D2-A26C-6DFF5B4178DC}.Debug|Any CPU.Build.0 = Debug|Any CPU
		{68B7C54C-4D3D-45D2-A26C-6DFF5B4178DC}.Release|Any CPU.ActiveCfg = Release|Any CPU
		{68B7C54C-4D3D-45D2-A26C-6DFF5B4178DC}.Release|Any CPU.Build.0 = Release|Any CPU
	EndGlobalSection
	GlobalSection(SolutionProperties) = preSolution
		HideSolutionNode = FALSE
	EndGlobalSection
	GlobalSection(ExtensibilityGlobals) = postSolution
		SolutionGuid = {9B66F25F-4B7F-486F-AA82-0B892E456A05}
	EndGlobalSection
EndGlobal
